
Microsoft Visual Studio Solution File, Format Version 12.00
# Visual Studio Version 16
VisualStudioVersion = 16.0.29509.3
MinimumVisualStudioVersion = 10.0.40219.1
Project("{FAE04EC0-301F-11D3-BF4B-00C04F79EFBC}") = "TV2EastRSS", "TV2EastRSS\TV2EastRSS.csproj", "{FAC6751D-4DD5-455A-85E1-B1C7199BE063}"
EndProject
Global
	GlobalSection(SolutionConfigurationPlatforms) = preSolution
		Debug|Any CPU = Debug|Any CPU
		Release|Any CPU = Release|Any CPU
	EndGlobalSection
	GlobalSection(ProjectConfigurationPlatforms) = postSolution
		{FAC6751D-4DD5-455A-85E1-B1C7199BE063}.Debug|Any CPU.ActiveCfg = Debug|Any CPU
		{FAC6751D-4DD5-455A-85E1-B1C7199BE063}.Debug|Any CPU.Build.0 = Debug|Any CPU
		{FAC6751D-4DD5-455A-85E1-B1C7199BE063}.Release|Any CPU.ActiveCfg = Release|Any CPU
		{FAC6751D-4DD5-455A-85E1-B1C7199BE063}.Release|Any CPU.Build.0 = Release|Any CPU
	EndGlobalSection
	GlobalSection(SolutionProperties) = preSolution
		HideSolutionNode = FALSE
	EndGlobalSection
	GlobalSection(ExtensibilityGlobals) = postSolution
		SolutionGuid = {BDB2E08E-AB1F-43CE-B34F-337F4CC0A226}
	EndGlobalSection
EndGlobal
